
Microsoft Visual Studio Solution File, Format Version 12.00
# Visual Studio Version 17
VisualStudioVersion = 17.12.35309.182
MinimumVisualStudioVersion = 10.0.40219.1
Project("{FAE04EC0-301F-11D3-BF4B-00C04F79EFBC}") = "CompilerApi", "CompilerApi\CompilerApi.csproj", "{0715D831-875D-49F7-8D97-70F898151539}"
EndProject
Global
	GlobalSection(SolutionConfigurationPlatforms) = preSolution
		Debug|Any CPU = Debug|Any CPU
		Release|Any CPU = Release|Any CPU
	EndGlobalSection
	GlobalSection(ProjectConfigurationPlatforms) = postSolution
		{0715D831-875D-49F7-8D97-70F898151539}.Debug|Any CPU.ActiveCfg = Debug|Any CPU
		{0715D831-875D-49F7-8D97-70F898151539}.Debug|Any CPU.Build.0 = Debug|Any CPU
		{0715D831-875D-49F7-8D97-70F898151539}.Release|Any CPU.ActiveCfg = Release|Any CPU
		{0715D831-875D-49F7-8D97-70F898151539}.Release|Any CPU.Build.0 = Release|Any CPU
	EndGlobalSection
	GlobalSection(SolutionProperties) = preSolution
		HideSolutionNode = FALSE
	EndGlobalSection
	GlobalSection(ExtensibilityGlobals) = postSolution
		SolutionGuid = {08FA45DB-82AE-4900-842D-E15920565708}
	EndGlobalSection
EndGlobal
